
Microsoft Visual Studio Solution File, Format Version 12.00
# Visual Studio Version 16
VisualStudioVersion = 16.0.30621.155
MinimumVisualStudioVersion = 10.0.40219.1
Project("{9A19103F-16F7-4668-BE54-9A1E7A4F7556}") = "AuthDemo.Website", "AuthDemo.Website\AuthDemo.Website.csproj", "{E62A8082-C9B2-46AF-B732-D8E504F40EF6}"
EndProject
Global
	GlobalSection(SolutionConfigurationPlatforms) = preSolution
		Debug|Any CPU = Debug|Any CPU
		Release|Any CPU = Release|Any CPU
	EndGlobalSection
	GlobalSection(ProjectConfigurationPlatforms) = postSolution
		{E62A8082-C9B2-46AF-B732-D8E504F40EF6}.Debug|Any CPU.ActiveCfg = Debug|Any CPU
		{E62A8082-C9B2-46AF-B732-D8E504F40EF6}.Debug|Any CPU.Build.0 = Debug|Any CPU
		{E62A8082-C9B2-46AF-B732-D8E504F40EF6}.Release|Any CPU.ActiveCfg = Release|Any CPU
		{E62A8082-C9B2-46AF-B732-D8E504F40EF6}.Release|Any CPU.Build.0 = Release|Any CPU
	EndGlobalSection
	GlobalSection(SolutionProperties) = preSolution
		HideSolutionNode = FALSE
	EndGlobalSection
	GlobalSection(ExtensibilityGlobals) = postSolution
		SolutionGuid = {1F623CB5-E083-4C8B-8919-E7A130DC2EDB}
	EndGlobalSection
EndGlobal
